
Microsoft Visual Studio Solution File, Format Version 12.00
# Visual Studio 15
VisualStudioVersion = 15.0.28307.1525
MinimumVisualStudioVersion = 10.0.40219.1
Project("{FAE04EC0-301F-11D3-BF4B-00C04F79EFBC}") = "Thief!", "Thief!\Thief!.csproj", "{5627B77A-221F-46B5-BD0A-758E35A1AE20}"
EndProject
Global
	GlobalSection(SolutionConfigurationPlatforms) = preSolution
		Debug|Any CPU = Debug|Any CPU
		Release|Any CPU = Release|Any CPU
	EndGlobalSection
	GlobalSection(ProjectConfigurationPlatforms) = postSolution
		{5627B77A-221F-46B5-BD0A-758E35A1AE20}.Debug|Any CPU.ActiveCfg = Debug|Any CPU
		{5627B77A-221F-46B5-BD0A-758E35A1AE20}.Debug|Any CPU.Build.0 = Debug|Any CPU
		{5627B77A-221F-46B5-BD0A-758E35A1AE20}.Release|Any CPU.ActiveCfg = Release|Any CPU
		{5627B77A-221F-46B5-BD0A-758E35A1AE20}.Release|Any CPU.Build.0 = Release|Any CPU
	EndGlobalSection
	GlobalSection(SolutionProperties) = preSolution
		HideSolutionNode = FALSE
	EndGlobalSection
	GlobalSection(ExtensibilityGlobals) = postSolution
		SolutionGuid = {63BD2AD7-3AA9-4DEB-B0AC-4301EF39F73A}
	EndGlobalSection
EndGlobal
